
Microsoft Visual Studio Solution File, Format Version 12.00
# Visual Studio Version 17
VisualStudioVersion = 17.0.32112.339
MinimumVisualStudioVersion = 10.0.40219.1
Project("{FAE04EC0-301F-11D3-BF4B-00C04F79EFBC}") = "cSHarpGitDemoCode", "cSHarpGitDemoCode\cSHarpGitDemoCode.csproj", "{8ED67352-7F07-45CA-AC0E-3A4FC37E5C57}"
EndProject
Global
	GlobalSection(SolutionConfigurationPlatforms) = preSolution
		Debug|Any CPU = Debug|Any CPU
		Release|Any CPU = Release|Any CPU
	EndGlobalSection
	GlobalSection(ProjectConfigurationPlatforms) = postSolution
		{8ED67352-7F07-45CA-AC0E-3A4FC37E5C57}.Debug|Any CPU.ActiveCfg = Debug|Any CPU
		{8ED67352-7F07-45CA-AC0E-3A4FC37E5C57}.Debug|Any CPU.Build.0 = Debug|Any CPU
		{8ED67352-7F07-45CA-AC0E-3A4FC37E5C57}.Release|Any CPU.ActiveCfg = Release|Any CPU
		{8ED67352-7F07-45CA-AC0E-3A4FC37E5C57}.Release|Any CPU.Build.0 = Release|Any CPU
	EndGlobalSection
	GlobalSection(SolutionProperties) = preSolution
		HideSolutionNode = FALSE
	EndGlobalSection
	GlobalSection(ExtensibilityGlobals) = postSolution
		SolutionGuid = {9E26CDD0-0D3C-4CD3-8E73-1F2B8A89D0C1}
	EndGlobalSection
EndGlobal
